
Microsoft Visual Studio Solution File, Format Version 12.00
# Visual Studio Version 17
VisualStudioVersion = 17.4.33403.182
MinimumVisualStudioVersion = 10.0.40219.1
Project("{FAE04EC0-301F-11D3-BF4B-00C04F79EFBC}") = "dervishi.joel.4i.WPFThreads", "dervishi.joel.4i.WPFThreads\dervishi.joel.4i.WPFThreads.csproj", "{8A8EDC75-A419-43C1-8D13-F92D022E67CB}"
EndProject
Global
	GlobalSection(SolutionConfigurationPlatforms) = preSolution
		Debug|Any CPU = Debug|Any CPU
		Release|Any CPU = Release|Any CPU
	EndGlobalSection
	GlobalSection(ProjectConfigurationPlatforms) = postSolution
		{8A8EDC75-A419-43C1-8D13-F92D022E67CB}.Debug|Any CPU.ActiveCfg = Debug|Any CPU
		{8A8EDC75-A419-43C1-8D13-F92D022E67CB}.Debug|Any CPU.Build.0 = Debug|Any CPU
		{8A8EDC75-A419-43C1-8D13-F92D022E67CB}.Release|Any CPU.ActiveCfg = Release|Any CPU
		{8A8EDC75-A419-43C1-8D13-F92D022E67CB}.Release|Any CPU.Build.0 = Release|Any CPU
	EndGlobalSection
	GlobalSection(SolutionProperties) = preSolution
		HideSolutionNode = FALSE
	EndGlobalSection
	GlobalSection(ExtensibilityGlobals) = postSolution
		SolutionGuid = {CF95C090-851C-449D-87D8-15591F43E020}
	EndGlobalSection
EndGlobal
